
Microsoft Visual Studio Solution File, Format Version 12.00
# Visual Studio 15
VisualStudioVersion = 15.0.28010.2016
MinimumVisualStudioVersion = 10.0.40219.1
Project("{FAE04EC0-301F-11D3-BF4B-00C04F79EFBC}") = "DataLayer", "DataLayer\DataLayer.csproj", "{4AD53B87-4B22-48D2-AEF7-747C1978724E}"
EndProject
Project("{FAE04EC0-301F-11D3-BF4B-00C04F79EFBC}") = "LogicLayer", "LogicLayer\LogicLayer.csproj", "{5EA11B07-0F6D-471E-B902-BE97F34B90A0}"
EndProject
Project("{FAE04EC0-301F-11D3-BF4B-00C04F79EFBC}") = "FrontLayer", "FrontLayer\FrontLayer.csproj", "{F5479D23-7F96-4FF5-AE01-A6A7ABA76519}"
EndProject
Global
	GlobalSection(SolutionConfigurationPlatforms) = preSolution
		Debug|Any CPU = Debug|Any CPU
		Release|Any CPU = Release|Any CPU
	EndGlobalSection
	GlobalSection(ProjectConfigurationPlatforms) = postSolution
		{4AD53B87-4B22-48D2-AEF7-747C1978724E}.Debug|Any CPU.ActiveCfg = Debug|Any CPU
		{4AD53B87-4B22-48D2-AEF7-747C1978724E}.Debug|Any CPU.Build.0 = Debug|Any CPU
		{4AD53B87-4B22-48D2-AEF7-747C1978724E}.Release|Any CPU.ActiveCfg = Release|Any CPU
		{4AD53B87-4B22-48D2-AEF7-747C1978724E}.Release|Any CPU.Build.0 = Release|Any CPU
		{5EA11B07-0F6D-471E-B902-BE97F34B90A0}.Debug|Any CPU.ActiveCfg = Debug|Any CPU
		{5EA11B07-0F6D-471E-B902-BE97F34B90A0}.Debug|Any CPU.Build.0 = Debug|Any CPU
		{5EA11B07-0F6D-471E-B902-BE97F34B90A0}.Release|Any CPU.ActiveCfg = Release|Any CPU
		{5EA11B07-0F6D-471E-B902-BE97F34B90A0}.Release|Any CPU.Build.0 = Release|Any CPU
		{F5479D23-7F96-4FF5-AE01-A6A7ABA76519}.Debug|Any CPU.ActiveCfg = Debug|Any CPU
		{F5479D23-7F96-4FF5-AE01-A6A7ABA76519}.Debug|Any CPU.Build.0 = Debug|Any CPU
		{F5479D23-7F96-4FF5-AE01-A6A7ABA76519}.Release|Any CPU.ActiveCfg = Release|Any CPU
		{F5479D23-7F96-4FF5-AE01-A6A7ABA76519}.Release|Any CPU.Build.0 = Release|Any CPU
	EndGlobalSection
	GlobalSection(SolutionProperties) = preSolution
		HideSolutionNode = FALSE
	EndGlobalSection
	GlobalSection(ExtensibilityGlobals) = postSolution
		SolutionGuid = {73451047-8006-45F0-9909-B05838B05FA2}
	EndGlobalSection
EndGlobal
